
Microsoft Visual Studio Solution File, Format Version 12.00
# Visual Studio 15
VisualStudioVersion = 15.0.28307.271
MinimumVisualStudioVersion = 10.0.40219.1
Project("{FAE04EC0-301F-11D3-BF4B-00C04F79EFBC}") = "TypesLoopBranchingExample", "TypesLoopBranchingExample\TypesLoopBranchingExample.csproj", "{34B0A8EC-A7B4-4C7E-8642-DE83AE541766}"
EndProject
Global
	GlobalSection(SolutionConfigurationPlatforms) = preSolution
		Debug|Any CPU = Debug|Any CPU
		Release|Any CPU = Release|Any CPU
	EndGlobalSection
	GlobalSection(ProjectConfigurationPlatforms) = postSolution
		{34B0A8EC-A7B4-4C7E-8642-DE83AE541766}.Debug|Any CPU.ActiveCfg = Debug|Any CPU
		{34B0A8EC-A7B4-4C7E-8642-DE83AE541766}.Debug|Any CPU.Build.0 = Debug|Any CPU
		{34B0A8EC-A7B4-4C7E-8642-DE83AE541766}.Release|Any CPU.ActiveCfg = Release|Any CPU
		{34B0A8EC-A7B4-4C7E-8642-DE83AE541766}.Release|Any CPU.Build.0 = Release|Any CPU
	EndGlobalSection
	GlobalSection(SolutionProperties) = preSolution
		HideSolutionNode = FALSE
	EndGlobalSection
	GlobalSection(ExtensibilityGlobals) = postSolution
		SolutionGuid = {E5DD227E-4D76-4C14-9E90-93D4CFA9BFDD}
	EndGlobalSection
EndGlobal
